
Microsoft Visual Studio Solution File, Format Version 12.00
Project("{2150E333-8FDC-42A3-9474-1A3956D46DE8}") = "Core", "Core", "{715BA043-B44B-4225-83D1-6AA4E42821EB}"
EndProject
Project("{2150E333-8FDC-42A3-9474-1A3956D46DE8}") = "Presentation", "Presentation", "{66A8CCF8-B8CE-40EE-8AA1-4531CC20F505}"
EndProject
Project("{2150E333-8FDC-42A3-9474-1A3956D46DE8}") = "Infrastructure", "Infrastructure", "{CE51CD73-0FA0-4E1E-B04E-B613D6353649}"
EndProject
Project("{FAE04EC0-301F-11D3-BF4B-00C04F79EFBC}") = "Chat.Domain", "Chat.Domain\Chat.Domain.csproj", "{3F88E2A7-9B24-4D89-90E3-9AFA09B4752E}"
EndProject
Project("{FAE04EC0-301F-11D3-BF4B-00C04F79EFBC}") = "Chat.Application", "Chat.Application\Chat.Application.csproj", "{B79AA3FB-00B7-4DDE-B2C5-09E785F92782}"
EndProject
Project("{FAE04EC0-301F-11D3-BF4B-00C04F79EFBC}") = "Chat.Infrastructure", "Chat.Infrastructure\Chat.Infrastructure.csproj", "{C6407331-6B44-4387-B78B-FAA107C4FAEF}"
EndProject
Project("{FAE04EC0-301F-11D3-BF4B-00C04F79EFBC}") = "Chat.WebAPI", "Chat.WebAPI\Chat.WebAPI.csproj", "{A68E9B29-FF04-449C-9951-A9FE85ADF0E9}"
EndProject
Project("{FAE04EC0-301F-11D3-BF4B-00C04F79EFBC}") = "Chat.UI", "Chat.UI\Chat.UI.esproj", "{A3E99853-051A-4538-83C3-0C0B16C3B682}"
EndProject
Global
	GlobalSection(SolutionConfigurationPlatforms) = preSolution
		Debug|Any CPU = Debug|Any CPU
		Release|Any CPU = Release|Any CPU
	EndGlobalSection
	GlobalSection(NestedProjects) = preSolution
		{3F88E2A7-9B24-4D89-90E3-9AFA09B4752E} = {715BA043-B44B-4225-83D1-6AA4E42821EB}
		{B79AA3FB-00B7-4DDE-B2C5-09E785F92782} = {715BA043-B44B-4225-83D1-6AA4E42821EB}
		{C6407331-6B44-4387-B78B-FAA107C4FAEF} = {CE51CD73-0FA0-4E1E-B04E-B613D6353649}
		{A68E9B29-FF04-449C-9951-A9FE85ADF0E9} = {66A8CCF8-B8CE-40EE-8AA1-4531CC20F505}
		{A3E99853-051A-4538-83C3-0C0B16C3B682} = {66A8CCF8-B8CE-40EE-8AA1-4531CC20F505}
	EndGlobalSection
	GlobalSection(ProjectConfigurationPlatforms) = postSolution
		{3F88E2A7-9B24-4D89-90E3-9AFA09B4752E}.Debug|Any CPU.ActiveCfg = Debug|Any CPU
		{3F88E2A7-9B24-4D89-90E3-9AFA09B4752E}.Debug|Any CPU.Build.0 = Debug|Any CPU
		{3F88E2A7-9B24-4D89-90E3-9AFA09B4752E}.Release|Any CPU.ActiveCfg = Release|Any CPU
		{3F88E2A7-9B24-4D89-90E3-9AFA09B4752E}.Release|Any CPU.Build.0 = Release|Any CPU
		{B79AA3FB-00B7-4DDE-B2C5-09E785F92782}.Debug|Any CPU.ActiveCfg = Debug|Any CPU
		{B79AA3FB-00B7-4DDE-B2C5-09E785F92782}.Debug|Any CPU.Build.0 = Debug|Any CPU
		{B79AA3FB-00B7-4DDE-B2C5-09E785F92782}.Release|Any CPU.ActiveCfg = Release|Any CPU
		{B79AA3FB-00B7-4DDE-B2C5-09E785F92782}.Release|Any CPU.Build.0 = Release|Any CPU
		{C6407331-6B44-4387-B78B-FAA107C4FAEF}.Debug|Any CPU.ActiveCfg = Debug|Any CPU
		{C6407331-6B44-4387-B78B-FAA107C4FAEF}.Debug|Any CPU.Build.0 = Debug|Any CPU
		{C6407331-6B44-4387-B78B-FAA107C4FAEF}.Release|Any CPU.ActiveCfg = Release|Any CPU
		{C6407331-6B44-4387-B78B-FAA107C4FAEF}.Release|Any CPU.Build.0 = Release|Any CPU
		{A68E9B29-FF04-449C-9951-A9FE85ADF0E9}.Debug|Any CPU.ActiveCfg = Debug|Any CPU
		{A68E9B29-FF04-449C-9951-A9FE85ADF0E9}.Debug|Any CPU.Build.0 = Debug|Any CPU
		{A68E9B29-FF04-449C-9951-A9FE85ADF0E9}.Release|Any CPU.ActiveCfg = Release|Any CPU
		{A68E9B29-FF04-449C-9951-A9FE85ADF0E9}.Release|Any CPU.Build.0 = Release|Any CPU
		{A3E99853-051A-4538-83C3-0C0B16C3B682}.Debug|Any CPU.ActiveCfg = Debug|Any CPU
		{A3E99853-051A-4538-83C3-0C0B16C3B682}.Debug|Any CPU.Build.0 = Debug|Any CPU
		{A3E99853-051A-4538-83C3-0C0B16C3B682}.Release|Any CPU.ActiveCfg = Release|Any CPU
		{A3E99853-051A-4538-83C3-0C0B16C3B682}.Release|Any CPU.Build.0 = Release|Any CPU
	EndGlobalSection
EndGlobal
